
Microsoft Visual Studio Solution File, Format Version 12.00
# Visual Studio Version 17
VisualStudioVersion = 17.4.33403.182
MinimumVisualStudioVersion = 10.0.40219.1
Project("{FAE04EC0-301F-11D3-BF4B-00C04F79EFBC}") = "PD.Android", "PD\PD.Android\PD.Android.csproj", "{5F18B46D-2DF2-43BA-A865-E94591883044}"
EndProject
Project("{FAE04EC0-301F-11D3-BF4B-00C04F79EFBC}") = "PD", "PD\PD\PD.csproj", "{C426446E-E424-43F6-B89C-DAFF21F655F7}"
EndProject
Global
	GlobalSection(SolutionConfigurationPlatforms) = preSolution
		Debug|Any CPU = Debug|Any CPU
		Release|Any CPU = Release|Any CPU
	EndGlobalSection
	GlobalSection(ProjectConfigurationPlatforms) = postSolution
		{5F18B46D-2DF2-43BA-A865-E94591883044}.Debug|Any CPU.ActiveCfg = Debug|Any CPU
		{5F18B46D-2DF2-43BA-A865-E94591883044}.Debug|Any CPU.Build.0 = Debug|Any CPU
		{5F18B46D-2DF2-43BA-A865-E94591883044}.Debug|Any CPU.Deploy.0 = Debug|Any CPU
		{5F18B46D-2DF2-43BA-A865-E94591883044}.Release|Any CPU.ActiveCfg = Release|Any CPU
		{5F18B46D-2DF2-43BA-A865-E94591883044}.Release|Any CPU.Build.0 = Release|Any CPU
		{5F18B46D-2DF2-43BA-A865-E94591883044}.Release|Any CPU.Deploy.0 = Release|Any CPU
		{C426446E-E424-43F6-B89C-DAFF21F655F7}.Debug|Any CPU.ActiveCfg = Debug|Any CPU
		{C426446E-E424-43F6-B89C-DAFF21F655F7}.Debug|Any CPU.Build.0 = Debug|Any CPU
		{C426446E-E424-43F6-B89C-DAFF21F655F7}.Debug|Any CPU.Deploy.0 = Debug|Any CPU
		{C426446E-E424-43F6-B89C-DAFF21F655F7}.Release|Any CPU.ActiveCfg = Release|Any CPU
		{C426446E-E424-43F6-B89C-DAFF21F655F7}.Release|Any CPU.Build.0 = Release|Any CPU
		{C426446E-E424-43F6-B89C-DAFF21F655F7}.Release|Any CPU.Deploy.0 = Release|Any CPU
	EndGlobalSection
	GlobalSection(SolutionProperties) = preSolution
		HideSolutionNode = FALSE
	EndGlobalSection
	GlobalSection(ExtensibilityGlobals) = postSolution
		SolutionGuid = {A7C8473B-DEEB-44C8-AB52-D6D92ABCE417}
	EndGlobalSection
EndGlobal
